{
  "name": "dev-id-logger",
  "version": "1.0.5",
  "lockfileVersion": 3,
  "requires": true,
  "packages": {
    "": {
      "name": "dev-id-logger",
      "version": "1.0.5",
      "license": "MIT",
      "engines": {
        "node": ">=14.0.0"
      },
      "funding": {
        "type": "github",
        "url": "https://github.com/sponsors/toseef-ahmad"
      }
    }
  }
}
